# THIS IS AN AUTOGENERATED FILE. DO NOT EDIT THIS FILE DIRECTLY.
# yarn lockfile v1


sal.js@^0.7.6:
  version "0.7.6"
  resolved "https://registry.yarnpkg.com/sal.js/-/sal.js-0.7.6.tgz#58e56f7218f61933d3ac43d1530e55900f809af0"
  integrity sha512-wxuyq1DPZxvSCfB0GiKGLp//j3cdOUCNzk9gwZYb8jKX0Gg1IwRndcwAVLl8aq7CPwzj4tvpg8P2mpShHDmUZQ==
